
Microsoft Visual Studio Solution File, Format Version 12.00
Project("{FAE04EC0-301F-11D3-BF4B-00C04F79EFBC}") = "StepFunctionsProofOfConcept", "StepFunctionsProofOfConcept\src\StepFunctionsProofOfConcept\StepFunctionsProofOfConcept.csproj", "{C7FF25B6-C86E-4C27-807E-E6E2012C48B8}"
EndProject
Project("{FAE04EC0-301F-11D3-BF4B-00C04F79EFBC}") = "StepFunctionsProofOfConcept.Tests", "StepFunctionsProofOfConcept\test\StepFunctionsProofOfConcept.Tests\StepFunctionsProofOfConcept.Tests.csproj", "{2D172473-1853-49E7-9E4A-2088553EACEC}"
EndProject
Global
	GlobalSection(SolutionConfigurationPlatforms) = preSolution
		Debug|Any CPU = Debug|Any CPU
		Release|Any CPU = Release|Any CPU
	EndGlobalSection
	GlobalSection(ProjectConfigurationPlatforms) = postSolution
		{C7FF25B6-C86E-4C27-807E-E6E2012C48B8}.Debug|Any CPU.ActiveCfg = Debug|Any CPU
		{C7FF25B6-C86E-4C27-807E-E6E2012C48B8}.Debug|Any CPU.Build.0 = Debug|Any CPU
		{C7FF25B6-C86E-4C27-807E-E6E2012C48B8}.Release|Any CPU.ActiveCfg = Release|Any CPU
		{C7FF25B6-C86E-4C27-807E-E6E2012C48B8}.Release|Any CPU.Build.0 = Release|Any CPU
		{2D172473-1853-49E7-9E4A-2088553EACEC}.Debug|Any CPU.ActiveCfg = Debug|Any CPU
		{2D172473-1853-49E7-9E4A-2088553EACEC}.Debug|Any CPU.Build.0 = Debug|Any CPU
		{2D172473-1853-49E7-9E4A-2088553EACEC}.Release|Any CPU.ActiveCfg = Release|Any CPU
		{2D172473-1853-49E7-9E4A-2088553EACEC}.Release|Any CPU.Build.0 = Release|Any CPU
	EndGlobalSection
EndGlobal
